
Microsoft Visual Studio Solution File, Format Version 12.00
# Visual Studio 15
VisualStudioVersion = 15.0.27703.2035
MinimumVisualStudioVersion = 10.0.40219.1
Project("{FAE04EC0-301F-11D3-BF4B-00C04F79EFBC}") = "MVCapp", "MVCapp\MVCapp.csproj", "{2E66D3C7-076B-425C-B3B8-E861050D861E}"
EndProject
Global
	GlobalSection(SolutionConfigurationPlatforms) = preSolution
		Debug|Any CPU = Debug|Any CPU
		Release|Any CPU = Release|Any CPU
	EndGlobalSection
	GlobalSection(ProjectConfigurationPlatforms) = postSolution
		{2E66D3C7-076B-425C-B3B8-E861050D861E}.Debug|Any CPU.ActiveCfg = Debug|Any CPU
		{2E66D3C7-076B-425C-B3B8-E861050D861E}.Debug|Any CPU.Build.0 = Debug|Any CPU
		{2E66D3C7-076B-425C-B3B8-E861050D861E}.Release|Any CPU.ActiveCfg = Release|Any CPU
		{2E66D3C7-076B-425C-B3B8-E861050D861E}.Release|Any CPU.Build.0 = Release|Any CPU
	EndGlobalSection
	GlobalSection(SolutionProperties) = preSolution
		HideSolutionNode = FALSE
	EndGlobalSection
	GlobalSection(ExtensibilityGlobals) = postSolution
		SolutionGuid = {497A0783-1FB5-45BB-B904-847D793AB7B6}
	EndGlobalSection
EndGlobal
